
Microsoft Visual Studio Solution File, Format Version 12.00
# Visual Studio 15
VisualStudioVersion = 15.0.26730.16
MinimumVisualStudioVersion = 10.0.40219.1
Project("{FAE04EC0-301F-11D3-BF4B-00C04F79EFBC}") = "PostFixCalc", "ConsoleApp1\PostFixCalc.csproj", "{C7025408-394A-4EA7-A697-42FD340698ED}"
EndProject
Global
	GlobalSection(SolutionConfigurationPlatforms) = preSolution
		Debug|Any CPU = Debug|Any CPU
		Release|Any CPU = Release|Any CPU
	EndGlobalSection
	GlobalSection(ProjectConfigurationPlatforms) = postSolution
		{C7025408-394A-4EA7-A697-42FD340698ED}.Debug|Any CPU.ActiveCfg = Debug|Any CPU
		{C7025408-394A-4EA7-A697-42FD340698ED}.Debug|Any CPU.Build.0 = Debug|Any CPU
		{C7025408-394A-4EA7-A697-42FD340698ED}.Release|Any CPU.ActiveCfg = Release|Any CPU
		{C7025408-394A-4EA7-A697-42FD340698ED}.Release|Any CPU.Build.0 = Release|Any CPU
	EndGlobalSection
	GlobalSection(SolutionProperties) = preSolution
		HideSolutionNode = FALSE
	EndGlobalSection
	GlobalSection(ExtensibilityGlobals) = postSolution
		SolutionGuid = {DF1C465E-79B4-4DF0-962E-97E12ADFEBA6}
	EndGlobalSection
EndGlobal
